
Microsoft Visual Studio Solution File, Format Version 12.00
# Visual Studio 15
VisualStudioVersion = 15.0.26430.14
MinimumVisualStudioVersion = 10.0.40219.1
Project("{FAE04EC0-301F-11D3-BF4B-00C04F79EFBC}") = "GallowayTechSPA", "GallowayTechSPA\GallowayTechSPA.csproj", "{BEDB4FC9-BC7B-49CB-AED6-ABCF632BA180}"
EndProject
Project("{FAE04EC0-301F-11D3-BF4B-00C04F79EFBC}") = "GallowayTechSPA.Tests", "GallowayTechSPA.Tests\GallowayTechSPA.Tests.csproj", "{35AEF540-55CC-47AE-8E32-856E6328C169}"
EndProject
Global
	GlobalSection(SolutionConfigurationPlatforms) = preSolution
		Debug|Any CPU = Debug|Any CPU
		Release|Any CPU = Release|Any CPU
	EndGlobalSection
	GlobalSection(ProjectConfigurationPlatforms) = postSolution
		{BEDB4FC9-BC7B-49CB-AED6-ABCF632BA180}.Debug|Any CPU.ActiveCfg = Debug|Any CPU
		{BEDB4FC9-BC7B-49CB-AED6-ABCF632BA180}.Debug|Any CPU.Build.0 = Debug|Any CPU
		{BEDB4FC9-BC7B-49CB-AED6-ABCF632BA180}.Release|Any CPU.ActiveCfg = Release|Any CPU
		{BEDB4FC9-BC7B-49CB-AED6-ABCF632BA180}.Release|Any CPU.Build.0 = Release|Any CPU
		{35AEF540-55CC-47AE-8E32-856E6328C169}.Debug|Any CPU.ActiveCfg = Debug|Any CPU
		{35AEF540-55CC-47AE-8E32-856E6328C169}.Debug|Any CPU.Build.0 = Debug|Any CPU
		{35AEF540-55CC-47AE-8E32-856E6328C169}.Release|Any CPU.ActiveCfg = Release|Any CPU
		{35AEF540-55CC-47AE-8E32-856E6328C169}.Release|Any CPU.Build.0 = Release|Any CPU
	EndGlobalSection
	GlobalSection(SolutionProperties) = preSolution
		HideSolutionNode = FALSE
	EndGlobalSection
EndGlobal
